// !$*UTF8*$!
{
	archiveVersion = 1;
	classes = {
	};
	objectVersion = 56;
	objects = {

/* Begin PBXBuildFile section */
		540024F92932DB0E005CDA3B /* RoomScene.scn in Resources */ = {isa = PBXBuildFile; fileRef = 540024F82932DB0E005CDA3B /* RoomScene.scn */; };
		540EB4F0293E8F1A00932224 /* Calculator_Tests.swift in Sources */ = {isa = PBXBuildFile; fileRef = 540EB4EF293E8F1A00932224 /* Calculator_Tests.swift */; };
		540EB4F6293E902200932224 /* Calculators.swift in Sources */ = {isa = PBXBuildFile; fileRef = 54D8F978292C588C0008489B /* Calculators.swift */; };
		540EB550293FFC6700932224 /* Smart_DesignApp.swift in Sources */ = {isa = PBXBuildFile; fileRef = 54D8F9462926E4830008489B /* Smart_DesignApp.swift */; };
		5417D7C029400625009CA2EC /* Smart_DesignUITests.swift in Sources */ = {isa = PBXBuildFile; fileRef = 5417D7B329400353009CA2EC /* Smart_DesignUITests.swift */; };
		5446CD192938101100EA3D96 /* SceneController.swift in Sources */ = {isa = PBXBuildFile; fileRef = 5446CD182938101100EA3D96 /* SceneController.swift */; };
		544FE12A293415FA009BE103 /* ThreeDView.swift in Sources */ = {isa = PBXBuildFile; fileRef = 544FE129293415FA009BE103 /* ThreeDView.swift */; };
		544FE130293423F7009BE103 /* ListView.swift in Sources */ = {isa = PBXBuildFile; fileRef = 544FE12F293423F7009BE103 /* ListView.swift */; };
		544FE13229342BA0009BE103 /* ScreenWallView.swift in Sources */ = {isa = PBXBuildFile; fileRef = 544FE13129342BA0009BE103 /* ScreenWallView.swift */; };
		54D8F9492926E4830008489B /* HomeView.swift in Sources */ = {isa = PBXBuildFile; fileRef = 54D8F9482926E4830008489B /* HomeView.swift */; };
		54D8F94B2926E4850008489B /* Assets.xcassets in Resources */ = {isa = PBXBuildFile; fileRef = 54D8F94A2926E4850008489B /* Assets.xcassets */; };
		54D8F94E2926E4850008489B /* Preview Assets.xcassets in Resources */ = {isa = PBXBuildFile; fileRef = 54D8F94D2926E4850008489B /* Preview Assets.xcassets */; };
		54D8F9582926E6C30008489B /* DesignModel.xcdatamodeld in Sources */ = {isa = PBXBuildFile; fileRef = 54D8F9562926E6C30008489B /* DesignModel.xcdatamodeld */; };
		54D8F95A2926E7F50008489B /* DataController.swift in Sources */ = {isa = PBXBuildFile; fileRef = 54D8F9592926E7F50008489B /* DataController.swift */; };
		54D8F95F2926EE410008489B /* AddDesignView.swift in Sources */ = {isa = PBXBuildFile; fileRef = 54D8F95E2926EE410008489B /* AddDesignView.swift */; };
		54D8F96429270FA50008489B /* EditDesignView.swift in Sources */ = {isa = PBXBuildFile; fileRef = 54D8F96329270FA50008489B /* EditDesignView.swift */; };
		54D8F979292C588C0008489B /* Calculators.swift in Sources */ = {isa = PBXBuildFile; fileRef = 54D8F978292C588C0008489B /* Calculators.swift */; };
/* End PBXBuildFile section */

/* Begin PBXContainerItemProxy section */
		540EB4F1293E8F1A00932224 /* PBXContainerItemProxy */ = {
			isa = PBXContainerItemProxy;
			containerPortal = 54D8F93B2926E4830008489B /* Project object */;
			proxyType = 1;
			remoteGlobalIDString = 54D8F9422926E4830008489B;
			remoteInfo = "Smart Design";
		};
		5417D7B729400353009CA2EC /* PBXContainerItemProxy */ = {
			isa = PBXContainerItemProxy;
			containerPortal = 54D8F93B2926E4830008489B /* Project object */;
			proxyType = 1;
			remoteGlobalIDString = 54D8F9422926E4830008489B;
			remoteInfo = "Smart Design";
		};
/* End PBXContainerItemProxy section */

/* Begin PBXFileReference section */
		540024F82932DB0E005CDA3B /* RoomScene.scn */ = {isa = PBXFileReference; lastKnownFileType = file.bplist; path = RoomScene.scn; sourceTree = "<group>"; };
		540EB4ED293E8F1A00932224 /* Smart DesignTests.xctest */ = {isa = PBXFileReference; explicitFileType = wrapper.cfbundle; includeInIndex = 0; path = "Smart DesignTests.xctest"; sourceTree = BUILT_PRODUCTS_DIR; };
		540EB4EF293E8F1A00932224 /* Calculator_Tests.swift */ = {isa = PBXFileReference; lastKnownFileType = sourcecode.swift; path = Calculator_Tests.swift; sourceTree = "<group>"; };
		5417D7B129400353009CA2EC /* Smart DesignUITests.xctest */ = {isa = PBXFileReference; explicitFileType = wrapper.cfbundle; includeInIndex = 0; path = "Smart DesignUITests.xctest"; sourceTree = BUILT_PRODUCTS_DIR; };
		5417D7B329400353009CA2EC /* Smart_DesignUITests.swift */ = {isa = PBXFileReference; lastKnownFileType = sourcecode.swift; path = Smart_DesignUITests.swift; sourceTree = "<group>"; };
		5446CD182938101100EA3D96 /* SceneController.swift */ = {isa = PBXFileReference; lastKnownFileType = sourcecode.swift; path = SceneController.swift; sourceTree = "<group>"; };
		544FE129293415FA009BE103 /* ThreeDView.swift */ = {isa = PBXFileReference; lastKnownFileType = sourcecode.swift; path = ThreeDView.swift; sourceTree = "<group>"; };
		544FE12F293423F7009BE103 /* ListView.swift */ = {isa = PBXFileReference; lastKnownFileType = sourcecode.swift; path = ListView.swift; sourceTree = "<group>"; };
		544FE13129342BA0009BE103 /* ScreenWallView.swift */ = {isa = PBXFileReference; lastKnownFileType = sourcecode.swift; path = ScreenWallView.swift; sourceTree = "<group>"; };
		54D8F9432926E4830008489B /* Smart Design.app */ = {isa = PBXFileReference; explicitFileType = wrapper.application; includeInIndex = 0; path = "Smart Design.app"; sourceTree = BUILT_PRODUCTS_DIR; };
		54D8F9462926E4830008489B /* Smart_DesignApp.swift */ = {isa = PBXFileReference; lastKnownFileType = sourcecode.swift; path = Smart_DesignApp.swift; sourceTree = "<group>"; };
		54D8F9482926E4830008489B /* HomeView.swift */ = {isa = PBXFileReference; lastKnownFileType = sourcecode.swift; path = HomeView.swift; sourceTree = "<group>"; };
		54D8F94A2926E4850008489B /* Assets.xcassets */ = {isa = PBXFileReference; lastKnownFileType = folder.assetcatalog; path = Assets.xcassets; sourceTree = "<group>"; };
		54D8F94D2926E4850008489B /* Preview Assets.xcassets */ = {isa = PBXFileReference; lastKnownFileType = folder.assetcatalog; path = "Preview Assets.xcassets"; sourceTree = "<group>"; };
		54D8F94F2926E4850008489B /* Smart_Design.entitlements */ = {isa = PBXFileReference; lastKnownFileType = text.plist.entitlements; path = Smart_Design.entitlements; sourceTree = "<group>"; };
		54D8F9572926E6C30008489B /* DesignModel.xcdatamodel */ = {isa = PBXFileReference; lastKnownFileType = wrapper.xcdatamodel; path = DesignModel.xcdatamodel; sourceTree = "<group>"; };
		54D8F9592926E7F50008489B /* DataController.swift */ = {isa = PBXFileReference; lastKnownFileType = sourcecode.swift; path = DataController.swift; sourceTree = "<group>"; };
		54D8F95E2926EE410008489B /* AddDesignView.swift */ = {isa = PBXFileReference; lastKnownFileType = sourcecode.swift; path = AddDesignView.swift; sourceTree = "<group>"; };
		54D8F96329270FA50008489B /* EditDesignView.swift */ = {isa = PBXFileReference; lastKnownFileType = sourcecode.swift; path = EditDesignView.swift; sourceTree = "<group>"; tabWidth = 4; };
		54D8F978292C588C0008489B /* Calculators.swift */ = {isa = PBXFileReference; lastKnownFileType = sourcecode.swift; path = Calculators.swift; sourceTree = "<group>"; };
/* End PBXFileReference section */

/* Begin PBXFrameworksBuildPhase section */
		540EB4EA293E8F1A00932224 /* Frameworks */ = {
			isa = PBXFrameworksBuildPhase;
			buildActionMask = 2147483647;
			files = (
			);
			runOnlyForDeploymentPostprocessing = 0;
		};
		5417D7AE29400353009CA2EC /* Frameworks */ = {
			isa = PBXFrameworksBuildPhase;
			buildActionMask = 2147483647;
			files = (
			);
			runOnlyForDeploymentPostprocessing = 0;
		};
		54D8F9402926E4830008489B /* Frameworks */ = {
			isa = PBXFrameworksBuildPhase;
			buildActionMask = 2147483647;
			files = (
			);
			runOnlyForDeploymentPostprocessing = 0;
		};
/* End PBXFrameworksBuildPhase section */

/* Begin PBXGroup section */
		540EB4EE293E8F1A00932224 /* Smart DesignTests */ = {
			isa = PBXGroup;
			children = (
				540EB4EF293E8F1A00932224 /* Calculator_Tests.swift */,
			);
			path = "Smart DesignTests";
			sourceTree = "<group>";
		};
		5417D7B229400353009CA2EC /* Smart DesignUITests */ = {
			isa = PBXGroup;
			children = (
				5417D7B329400353009CA2EC /* Smart_DesignUITests.swift */,
			);
			path = "Smart DesignUITests";
			sourceTree = "<group>";
		};
		544FE12B29341B4A009BE103 /* Scene */ = {
			isa = PBXGroup;
			children = (
				540024F82932DB0E005CDA3B /* RoomScene.scn */,
				5446CD182938101100EA3D96 /* SceneController.swift */,
			);
			path = Scene;
			sourceTree = "<group>";
		};
		54D172222933F66400FA340C /* Navigation */ = {
			isa = PBXGroup;
			children = (
				54D8F9482926E4830008489B /* HomeView.swift */,
				544FE129293415FA009BE103 /* ThreeDView.swift */,
				544FE13129342BA0009BE103 /* ScreenWallView.swift */,
			);
			path = Navigation;
			sourceTree = "<group>";
		};
		54D8F93A2926E4830008489B = {
			isa = PBXGroup;
			children = (
				54D8F9462926E4830008489B /* Smart_DesignApp.swift */,
				54D172222933F66400FA340C /* Navigation */,
				54D8F95B2926EDF20008489B /* Views */,
				54D8F9602926F4180008489B /* Helpers */,
				544FE12B29341B4A009BE103 /* Scene */,
				54D8F9552926E68A0008489B /* Data Model */,
				54D8F9452926E4830008489B /* Smart Design */,
				540EB4EE293E8F1A00932224 /* Smart DesignTests */,
				5417D7B229400353009CA2EC /* Smart DesignUITests */,
				54D8F9442926E4830008489B /* Products */,
			);
			sourceTree = "<group>";
		};
		54D8F9442926E4830008489B /* Products */ = {
			isa = PBXGroup;
			children = (
				54D8F9432926E4830008489B /* Smart Design.app */,
				540EB4ED293E8F1A00932224 /* Smart DesignTests.xctest */,
				5417D7B129400353009CA2EC /* Smart DesignUITests.xctest */,
			);
			name = Products;
			sourceTree = "<group>";
		};
		54D8F9452926E4830008489B /* Smart Design */ = {
			isa = PBXGroup;
			children = (
				54D8F94F2926E4850008489B /* Smart_Design.entitlements */,
				54D8F94A2926E4850008489B /* Assets.xcassets */,
				54D8F94C2926E4850008489B /* Preview Content */,
			);
			path = "Smart Design";
			sourceTree = "<group>";
		};
		54D8F94C2926E4850008489B /* Preview Content */ = {
			isa = PBXGroup;
			children = (
				54D8F94D2926E4850008489B /* Preview Assets.xcassets */,
			);
			path = "Preview Content";
			sourceTree = "<group>";
		};
		54D8F9552926E68A0008489B /* Data Model */ = {
			isa = PBXGroup;
			children = (
				54D8F9562926E6C30008489B /* DesignModel.xcdatamodeld */,
				54D8F9592926E7F50008489B /* DataController.swift */,
			);
			path = "Data Model";
			sourceTree = "<group>";
		};
		54D8F95B2926EDF20008489B /* Views */ = {
			isa = PBXGroup;
			children = (
				54D8F95E2926EE410008489B /* AddDesignView.swift */,
				54D8F96329270FA50008489B /* EditDesignView.swift */,
				544FE12F293423F7009BE103 /* ListView.swift */,
			);
			path = Views;
			sourceTree = "<group>";
		};
		54D8F9602926F4180008489B /* Helpers */ = {
			isa = PBXGroup;
			children = (
				54D8F978292C588C0008489B /* Calculators.swift */,
			);
			path = Helpers;
			sourceTree = "<group>";
		};
/* End PBXGroup section */

/* Begin PBXNativeTarget section */
		540EB4EC293E8F1A00932224 /* Smart DesignTests */ = {
			isa = PBXNativeTarget;
			buildConfigurationList = 540EB4F3293E8F1A00932224 /* Build configuration list for PBXNativeTarget "Smart DesignTests" */;
			buildPhases = (
				540EB4E9293E8F1A00932224 /* Sources */,
				540EB4EA293E8F1A00932224 /* Frameworks */,
				540EB4EB293E8F1A00932224 /* Resources */,
			);
			buildRules = (
			);
			dependencies = (
				540EB4F2293E8F1A00932224 /* PBXTargetDependency */,
			);
			name = "Smart DesignTests";
			productName = "Smart DesignTests";
			productReference = 540EB4ED293E8F1A00932224 /* Smart DesignTests.xctest */;
			productType = "com.apple.product-type.bundle.unit-test";
		};
		5417D7B029400353009CA2EC /* Smart DesignUITests */ = {
			isa = PBXNativeTarget;
			buildConfigurationList = 5417D7BB29400353009CA2EC /* Build configuration list for PBXNativeTarget "Smart DesignUITests" */;
			buildPhases = (
				5417D7AD29400353009CA2EC /* Sources */,
				5417D7AE29400353009CA2EC /* Frameworks */,
				5417D7AF29400353009CA2EC /* Resources */,
			);
			buildRules = (
			);
			dependencies = (
				5417D7B829400353009CA2EC /* PBXTargetDependency */,
			);
			name = "Smart DesignUITests";
			productName = "Smart DesignUITests";
			productReference = 5417D7B129400353009CA2EC /* Smart DesignUITests.xctest */;
			productType = "com.apple.product-type.bundle.ui-testing";
		};
		54D8F9422926E4830008489B /* Smart Design */ = {
			isa = PBXNativeTarget;
			buildConfigurationList = 54D8F9522926E4850008489B /* Build configuration list for PBXNativeTarget "Smart Design" */;
			buildPhases = (
				54D8F93F2926E4830008489B /* Sources */,
				54D8F9402926E4830008489B /* Frameworks */,
				54D8F9412926E4830008489B /* Resources */,
			);
			buildRules = (
			);
			dependencies = (
			);
			name = "Smart Design";
			productName = "Smart Design";
			productReference = 54D8F9432926E4830008489B /* Smart Design.app */;
			productType = "com.apple.product-type.application";
		};
/* End PBXNativeTarget section */

/* Begin PBXProject section */
		54D8F93B2926E4830008489B /* Project object */ = {
			isa = PBXProject;
			attributes = {
				BuildIndependentTargetsInParallel = 1;
				LastSwiftUpdateCheck = 1410;
				LastUpgradeCheck = 1410;
				TargetAttributes = {
					540EB4EC293E8F1A00932224 = {
						CreatedOnToolsVersion = 14.1;
						TestTargetID = 54D8F9422926E4830008489B;
					};
					5417D7B029400353009CA2EC = {
						CreatedOnToolsVersion = 14.1;
						TestTargetID = 54D8F9422926E4830008489B;
					};
					54D8F9422926E4830008489B = {
						CreatedOnToolsVersion = 14.1;
					};
				};
			};
			buildConfigurationList = 54D8F93E2926E4830008489B /* Build configuration list for PBXProject "Smart Design" */;
			compatibilityVersion = "Xcode 14.0";
			developmentRegion = en;
			hasScannedForEncodings = 0;
			knownRegions = (
				en,
				Base,
			);
			mainGroup = 54D8F93A2926E4830008489B;
			productRefGroup = 54D8F9442926E4830008489B /* Products */;
			projectDirPath = "";
			projectRoot = "";
			targets = (
				54D8F9422926E4830008489B /* Smart Design */,
				540EB4EC293E8F1A00932224 /* Smart DesignTests */,
				5417D7B029400353009CA2EC /* Smart DesignUITests */,
			);
		};
/* End PBXProject section */

/* Begin PBXResourcesBuildPhase section */
		540EB4EB293E8F1A00932224 /* Resources */ = {
			isa = PBXResourcesBuildPhase;
			buildActionMask = 2147483647;
			files = (
			);
			runOnlyForDeploymentPostprocessing = 0;
		};
		5417D7AF29400353009CA2EC /* Resources */ = {
			isa = PBXResourcesBuildPhase;
			buildActionMask = 2147483647;
			files = (
			);
			runOnlyForDeploymentPostprocessing = 0;
		};
		54D8F9412926E4830008489B /* Resources */ = {
			isa = PBXResourcesBuildPhase;
			buildActionMask = 2147483647;
			files = (
				54D8F94E2926E4850008489B /* Preview Assets.xcassets in Resources */,
				54D8F94B2926E4850008489B /* Assets.xcassets in Resources */,
				540024F92932DB0E005CDA3B /* RoomScene.scn in Resources */,
			);
			runOnlyForDeploymentPostprocessing = 0;
		};
/* End PBXResourcesBuildPhase section */

/* Begin PBXSourcesBuildPhase section */
		540EB4E9293E8F1A00932224 /* Sources */ = {
			isa = PBXSourcesBuildPhase;
			buildActionMask = 2147483647;
			files = (
				540EB4F0293E8F1A00932224 /* Calculator_Tests.swift in Sources */,
				540EB4F6293E902200932224 /* Calculators.swift in Sources */,
			);
			runOnlyForDeploymentPostprocessing = 0;
		};
		5417D7AD29400353009CA2EC /* Sources */ = {
			isa = PBXSourcesBuildPhase;
			buildActionMask = 2147483647;
			files = (
				5417D7C029400625009CA2EC /* Smart_DesignUITests.swift in Sources */,
			);
			runOnlyForDeploymentPostprocessing = 0;
		};
		54D8F93F2926E4830008489B /* Sources */ = {
			isa = PBXSourcesBuildPhase;
			buildActionMask = 2147483647;
			files = (
				544FE12A293415FA009BE103 /* ThreeDView.swift in Sources */,
				544FE13229342BA0009BE103 /* ScreenWallView.swift in Sources */,
				5446CD192938101100EA3D96 /* SceneController.swift in Sources */,
				54D8F9582926E6C30008489B /* DesignModel.xcdatamodeld in Sources */,
				54D8F95A2926E7F50008489B /* DataController.swift in Sources */,
				540EB550293FFC6700932224 /* Smart_DesignApp.swift in Sources */,
				54D8F9492926E4830008489B /* HomeView.swift in Sources */,
				54D8F96429270FA50008489B /* EditDesignView.swift in Sources */,
				54D8F95F2926EE410008489B /* AddDesignView.swift in Sources */,
				54D8F979292C588C0008489B /* Calculators.swift in Sources */,
				544FE130293423F7009BE103 /* ListView.swift in Sources */,
			);
			runOnlyForDeploymentPostprocessing = 0;
		};
/* End PBXSourcesBuildPhase section */

/* Begin PBXTargetDependency section */
		540EB4F2293E8F1A00932224 /* PBXTargetDependency */ = {
			isa = PBXTargetDependency;
			target = 54D8F9422926E4830008489B /* Smart Design */;
			targetProxy = 540EB4F1293E8F1A00932224 /* PBXContainerItemProxy */;
		};
		5417D7B829400353009CA2EC /* PBXTargetDependency */ = {
			isa = PBXTargetDependency;
			target = 54D8F9422926E4830008489B /* Smart Design */;
			targetProxy = 5417D7B729400353009CA2EC /* PBXContainerItemProxy */;
		};
/* End PBXTargetDependency section */

/* Begin XCBuildConfiguration section */
		540EB4F4293E8F1A00932224 /* Debug */ = {
			isa = XCBuildConfiguration;
			buildSettings = {
				BUNDLE_LOADER = "$(TEST_HOST)";
				CODE_SIGN_STYLE = Automatic;
				CURRENT_PROJECT_VERSION = 1;
				DEVELOPMENT_TEAM = RJDR787N69;
				GENERATE_INFOPLIST_FILE = YES;
				MARKETING_VERSION = 1.0;
				PRODUCT_BUNDLE_IDENTIFIER = "NurlanDadashbayli.Smart-DesignTests";
				PRODUCT_NAME = "$(TARGET_NAME)";
				SWIFT_EMIT_LOC_STRINGS = NO;
				SWIFT_VERSION = 5.0;
				TEST_HOST = "$(BUILT_PRODUCTS_DIR)/Smart Design.app/$(BUNDLE_EXECUTABLE_FOLDER_PATH)/Smart Design";
			};
			name = Debug;
		};
		540EB4F5293E8F1A00932224 /* Release */ = {
			isa = XCBuildConfiguration;
			buildSettings = {
				BUNDLE_LOADER = "$(TEST_HOST)";
				CODE_SIGN_STYLE = Automatic;
				CURRENT_PROJECT_VERSION = 1;
				DEVELOPMENT_TEAM = RJDR787N69;
				GENERATE_INFOPLIST_FILE = YES;
				MARKETING_VERSION = 1.0;
				PRODUCT_BUNDLE_IDENTIFIER = "NurlanDadashbayli.Smart-DesignTests";
				PRODUCT_NAME = "$(TARGET_NAME)";
				SWIFT_EMIT_LOC_STRINGS = NO;
				SWIFT_VERSION = 5.0;
				TEST_HOST = "$(BUILT_PRODUCTS_DIR)/Smart Design.app/$(BUNDLE_EXECUTABLE_FOLDER_PATH)/Smart Design";
			};
			name = Release;
		};
		5417D7B929400353009CA2EC /* Debug */ = {
			isa = XCBuildConfiguration;
			buildSettings = {
				CODE_SIGN_STYLE = Automatic;
				CURRENT_PROJECT_VERSION = 1;
				DEVELOPMENT_TEAM = RJDR787N69;
				GENERATE_INFOPLIST_FILE = YES;
				MARKETING_VERSION = 1.0;
				PRODUCT_BUNDLE_IDENTIFIER = "NurlanDadashbayli.Smart-DesignUITests";
				PRODUCT_NAME = "$(TARGET_NAME)";
				SWIFT_EMIT_LOC_STRINGS = NO;
				SWIFT_VERSION = 5.0;
				TEST_TARGET_NAME = "Smart Design";
			};
			name = Debug;
		};
		5417D7BA29400353009CA2EC /* Release */ = {
			isa = XCBuildConfiguration;
			buildSettings = {
				CODE_SIGN_STYLE = Automatic;
				CURRENT_PROJECT_VERSION = 1;
				DEVELOPMENT_TEAM = RJDR787N69;
				GENERATE_INFOPLIST_FILE = YES;
				MARKETING_VERSION = 1.0;
				PRODUCT_BUNDLE_IDENTIFIER = "NurlanDadashbayli.Smart-DesignUITests";
				PRODUCT_NAME = "$(TARGET_NAME)";
				SWIFT_EMIT_LOC_STRINGS = NO;
				SWIFT_VERSION = 5.0;
				TEST_TARGET_NAME = "Smart Design";
			};
			name = Release;
		};
		54D8F9502926E4850008489B /* Debug */ = {
			isa = XCBuildConfiguration;
			buildSettings = {
				ALWAYS_SEARCH_USER_PATHS = NO;
				CLANG_ANALYZER_NONNULL = YES;
				CLANG_ANALYZER_NUMBER_OBJECT_CONVERSION = YES_AGGRESSIVE;
				CLANG_CXX_LANGUAGE_STANDARD = "gnu++20";
				CLANG_ENABLE_MODULES = YES;
				CLANG_ENABLE_OBJC_ARC = YES;
				CLANG_ENABLE_OBJC_WEAK = YES;
				CLANG_WARN_BLOCK_CAPTURE_AUTORELEASING = YES;
				CLANG_WARN_BOOL_CONVERSION = YES;
				CLANG_WARN_COMMA = YES;
				CLANG_WARN_CONSTANT_CONVERSION = YES;
				CLANG_WARN_DEPRECATED_OBJC_IMPLEMENTATIONS = YES;
				CLANG_WARN_DIRECT_OBJC_ISA_USAGE = YES_ERROR;
				CLANG_WARN_DOCUMENTATION_COMMENTS = YES;
				CLANG_WARN_EMPTY_BODY = YES;
				CLANG_WARN_ENUM_CONVERSION = YES;
				CLANG_WARN_INFINITE_RECURSION = YES;
				CLANG_WARN_INT_CONVERSION = YES;
				CLANG_WARN_NON_LITERAL_NULL_CONVERSION = YES;
				CLANG_WARN_OBJC_IMPLICIT_RETAIN_SELF = YES;
				CLANG_WARN_OBJC_LITERAL_CONVERSION = YES;
				CLANG_WARN_OBJC_ROOT_CLASS = YES_ERROR;
				CLANG_WARN_QUOTED_INCLUDE_IN_FRAMEWORK_HEADER = YES;
				CLANG_WARN_RANGE_LOOP_ANALYSIS = YES;
				CLANG_WARN_STRICT_PROTOTYPES = YES;
				CLANG_WARN_SUSPICIOUS_MOVE = YES;
				CLANG_WARN_UNGUARDED_AVAILABILITY = YES_AGGRESSIVE;
				CLANG_WARN_UNREACHABLE_CODE = YES;
				CLANG_WARN__DUPLICATE_METHOD_MATCH = YES;
				COPY_PHASE_STRIP = NO;
				DEBUG_INFORMATION_FORMAT = dwarf;
				ENABLE_STRICT_OBJC_MSGSEND = YES;
				ENABLE_TESTABILITY = YES;
				GCC_C_LANGUAGE_STANDARD = gnu11;
				GCC_DYNAMIC_NO_PIC = NO;
				GCC_NO_COMMON_BLOCKS = YES;
				GCC_OPTIMIZATION_LEVEL = 0;
				GCC_PREPROCESSOR_DEFINITIONS = (
					"DEBUG=1",
					"$(inherited)",
				);
				GCC_WARN_64_TO_32_BIT_CONVERSION = YES;
				GCC_WARN_ABOUT_RETURN_TYPE = YES_ERROR;
				GCC_WARN_UNDECLARED_SELECTOR = YES;
				GCC_WARN_UNINITIALIZED_AUTOS = YES_AGGRESSIVE;
				GCC_WARN_UNUSED_FUNCTION = YES;
				GCC_WARN_UNUSED_VARIABLE = YES;
				MACOSX_DEPLOYMENT_TARGET = 13.0;
				MTL_ENABLE_DEBUG_INFO = INCLUDE_SOURCE;
				MTL_FAST_MATH = YES;
				ONLY_ACTIVE_ARCH = YES;
				SDKROOT = macosx;
				SWIFT_ACTIVE_COMPILATION_CONDITIONS = DEBUG;
				SWIFT_OPTIMIZATION_LEVEL = "-Onone";
			};
			name = Debug;
		};
		54D8F9512926E4850008489B /* Release */ = {
			isa = XCBuildConfiguration;
			buildSettings = {
				ALWAYS_SEARCH_USER_PATHS = NO;
				CLANG_ANALYZER_NONNULL = YES;
				CLANG_ANALYZER_NUMBER_OBJECT_CONVERSION = YES_AGGRESSIVE;
				CLANG_CXX_LANGUAGE_STANDARD = "gnu++20";
				CLANG_ENABLE_MODULES = YES;
				CLANG_ENABLE_OBJC_ARC = YES;
				CLANG_ENABLE_OBJC_WEAK = YES;
				CLANG_WARN_BLOCK_CAPTURE_AUTORELEASING = YES;
				CLANG_WARN_BOOL_CONVERSION = YES;
				CLANG_WARN_COMMA = YES;
				CLANG_WARN_CONSTANT_CONVERSION = YES;
				CLANG_WARN_DEPRECATED_OBJC_IMPLEMENTATIONS = YES;
				CLANG_WARN_DIRECT_OBJC_ISA_USAGE = YES_ERROR;
				CLANG_WARN_DOCUMENTATION_COMMENTS = YES;
				CLANG_WARN_EMPTY_BODY = YES;
				CLANG_WARN_ENUM_CONVERSION = YES;
				CLANG_WARN_INFINITE_RECURSION = YES;
				CLANG_WARN_INT_CONVERSION = YES;
				CLANG_WARN_NON_LITERAL_NULL_CONVERSION = YES;
				CLANG_WARN_OBJC_IMPLICIT_RETAIN_SELF = YES;
				CLANG_WARN_OBJC_LITERAL_CONVERSION = YES;
				CLANG_WARN_OBJC_ROOT_CLASS = YES_ERROR;
				CLANG_WARN_QUOTED_INCLUDE_IN_FRAMEWORK_HEADER = YES;
				CLANG_WARN_RANGE_LOOP_ANALYSIS = YES;
				CLANG_WARN_STRICT_PROTOTYPES = YES;
				CLANG_WARN_SUSPICIOUS_MOVE = YES;
				CLANG_WARN_UNGUARDED_AVAILABILITY = YES_AGGRESSIVE;
				CLANG_WARN_UNREACHABLE_CODE = YES;
				CLANG_WARN__DUPLICATE_METHOD_MATCH = YES;
				COPY_PHASE_STRIP = NO;
				DEBUG_INFORMATION_FORMAT = "dwarf-with-dsym";
				ENABLE_NS_ASSERTIONS = NO;
				ENABLE_STRICT_OBJC_MSGSEND = YES;
				GCC_C_LANGUAGE_STANDARD = gnu11;
				GCC_NO_COMMON_BLOCKS = YES;
				GCC_WARN_64_TO_32_BIT_CONVERSION = YES;
				GCC_WARN_ABOUT_RETURN_TYPE = YES_ERROR;
				GCC_WARN_UNDECLARED_SELECTOR = YES;
				GCC_WARN_UNINITIALIZED_AUTOS = YES_AGGRESSIVE;
				GCC_WARN_UNUSED_FUNCTION = YES;
				GCC_WARN_UNUSED_VARIABLE = YES;
				MACOSX_DEPLOYMENT_TARGET = 13.0;
				MTL_ENABLE_DEBUG_INFO = NO;
				MTL_FAST_MATH = YES;
				SDKROOT = macosx;
				SWIFT_COMPILATION_MODE = wholemodule;
				SWIFT_OPTIMIZATION_LEVEL = "-O";
			};
			name = Release;
		};
		54D8F9532926E4850008489B /* Debug */ = {
			isa = XCBuildConfiguration;
			buildSettings = {
				ASSETCATALOG_COMPILER_APPICON_NAME = AppIcon;
				ASSETCATALOG_COMPILER_GLOBAL_ACCENT_COLOR_NAME = AccentColor;
				CODE_SIGN_ENTITLEMENTS = "Smart Design/Smart_Design.entitlements";
				"CODE_SIGN_IDENTITY[sdk=macosx*]" = "Apple Development";
				CODE_SIGN_STYLE = Automatic;
				COMBINE_HIDPI_IMAGES = YES;
				CURRENT_PROJECT_VERSION = 1;
				DEVELOPMENT_ASSET_PATHS = "\"Smart Design/Preview Content\"";
				DEVELOPMENT_TEAM = RJDR787N69;
				ENABLE_HARDENED_RUNTIME = YES;
				ENABLE_PREVIEWS = YES;
				GENERATE_INFOPLIST_FILE = YES;
				INFOPLIST_KEY_NSHumanReadableCopyright = "";
				LD_RUNPATH_SEARCH_PATHS = (
					"$(inherited)",
					"@executable_path/../Frameworks",
				);
				MARKETING_VERSION = 1.0;
				PRODUCT_BUNDLE_IDENTIFIER = "NurlanDadashbayli.Smart-Design";
				PRODUCT_NAME = "$(TARGET_NAME)";
				SUPPORTED_PLATFORMS = "iphoneos iphonesimulator macosx";
				SUPPORTS_MACCATALYST = NO;
				SUPPORTS_MAC_DESIGNED_FOR_IPHONE_IPAD = NO;
				SWIFT_EMIT_LOC_STRINGS = YES;
				SWIFT_VERSION = 5.0;
				TARGETED_DEVICE_FAMILY = 1;
			};
			name = Debug;
		};
		54D8F9542926E4850008489B /* Release */ = {
			isa = XCBuildConfiguration;
			buildSettings = {
				ASSETCATALOG_COMPILER_APPICON_NAME = AppIcon;
				ASSETCATALOG_COMPILER_GLOBAL_ACCENT_COLOR_NAME = AccentColor;
				CODE_SIGN_ENTITLEMENTS = "Smart Design/Smart_Design.entitlements";
				CODE_SIGN_STYLE = Automatic;
				COMBINE_HIDPI_IMAGES = YES;
				CURRENT_PROJECT_VERSION = 1;
				DEVELOPMENT_ASSET_PATHS = "\"Smart Design/Preview Content\"";
				DEVELOPMENT_TEAM = RJDR787N69;
				ENABLE_HARDENED_RUNTIME = YES;
				ENABLE_PREVIEWS = YES;
				GENERATE_INFOPLIST_FILE = YES;
				INFOPLIST_KEY_NSHumanReadableCopyright = "";
				LD_RUNPATH_SEARCH_PATHS = (
					"$(inherited)",
					"@executable_path/../Frameworks",
				);
				MARKETING_VERSION = 1.0;
				PRODUCT_BUNDLE_IDENTIFIER = "NurlanDadashbayli.Smart-Design";
				PRODUCT_NAME = "$(TARGET_NAME)";
				SUPPORTED_PLATFORMS = "iphoneos iphonesimulator macosx";
				SUPPORTS_MACCATALYST = NO;
				SUPPORTS_MAC_DESIGNED_FOR_IPHONE_IPAD = NO;
				SWIFT_EMIT_LOC_STRINGS = YES;
				SWIFT_VERSION = 5.0;
				TARGETED_DEVICE_FAMILY = 1;
			};
			name = Release;
		};
/* End XCBuildConfiguration section */

/* Begin XCConfigurationList section */
		540EB4F3293E8F1A00932224 /* Build configuration list for PBXNativeTarget "Smart DesignTests" */ = {
			isa = XCConfigurationList;
			buildConfigurations = (
				540EB4F4293E8F1A00932224 /* Debug */,
				540EB4F5293E8F1A00932224 /* Release */,
			);
			defaultConfigurationIsVisible = 0;
			defaultConfigurationName = Release;
		};
		5417D7BB29400353009CA2EC /* Build configuration list for PBXNativeTarget "Smart DesignUITests" */ = {
			isa = XCConfigurationList;
			buildConfigurations = (
				5417D7B929400353009CA2EC /* Debug */,
				5417D7BA29400353009CA2EC /* Release */,
			);
			defaultConfigurationIsVisible = 0;
			defaultConfigurationName = Release;
		};
		54D8F93E2926E4830008489B /* Build configuration list for PBXProject "Smart Design" */ = {
			isa = XCConfigurationList;
			buildConfigurations = (
				54D8F9502926E4850008489B /* Debug */,
				54D8F9512926E4850008489B /* Release */,
			);
			defaultConfigurationIsVisible = 0;
			defaultConfigurationName = Release;
		};
		54D8F9522926E4850008489B /* Build configuration list for PBXNativeTarget "Smart Design" */ = {
			isa = XCConfigurationList;
			buildConfigurations = (
				54D8F9532926E4850008489B /* Debug */,
				54D8F9542926E4850008489B /* Release */,
			);
			defaultConfigurationIsVisible = 0;
			defaultConfigurationName = Release;
		};
/* End XCConfigurationList section */

/* Begin XCVersionGroup section */
		54D8F9562926E6C30008489B /* DesignModel.xcdatamodeld */ = {
			isa = XCVersionGroup;
			children = (
				54D8F9572926E6C30008489B /* DesignModel.xcdatamodel */,
			);
			currentVersion = 54D8F9572926E6C30008489B /* DesignModel.xcdatamodel */;
			path = DesignModel.xcdatamodeld;
			sourceTree = "<group>";
			versionGroupType = wrapper.xcdatamodel;
		};
/* End XCVersionGroup section */
	};
	rootObject = 54D8F93B2926E4830008489B /* Project object */;
}
